
Microsoft Visual Studio Solution File, Format Version 12.00
# Visual Studio 2015
Project("{FAE04EC0-301F-11D3-BF4B-00C04F79EFBC}") = "VRAnalytics.CSharp", "VRAnalytics.CSharp.csproj", "{DFA93363-013B-0813-6C79-1648368C2CAA}"
EndProject
Project("{FAE04EC0-301F-11D3-BF4B-00C04F79EFBC}") = "VRAnalytics.CSharp.Editor", "VRAnalytics.CSharp.Editor.csproj", "{390BE705-63F1-CFCA-E27C-935439400180}"
EndProject
Global
	GlobalSection(SolutionConfigurationPlatforms) = preSolution
		Debug|Any CPU = Debug|Any CPU
		Release|Any CPU = Release|Any CPU
	EndGlobalSection
	GlobalSection(ProjectConfigurationPlatforms) = postSolution
		{DFA93363-013B-0813-6C79-1648368C2CAA}.Debug|Any CPU.ActiveCfg = Debug|Any CPU
		{DFA93363-013B-0813-6C79-1648368C2CAA}.Debug|Any CPU.Build.0 = Debug|Any CPU
		{DFA93363-013B-0813-6C79-1648368C2CAA}.Release|Any CPU.ActiveCfg = Release|Any CPU
		{DFA93363-013B-0813-6C79-1648368C2CAA}.Release|Any CPU.Build.0 = Release|Any CPU
		{390BE705-63F1-CFCA-E27C-935439400180}.Debug|Any CPU.ActiveCfg = Debug|Any CPU
		{390BE705-63F1-CFCA-E27C-935439400180}.Debug|Any CPU.Build.0 = Debug|Any CPU
		{390BE705-63F1-CFCA-E27C-935439400180}.Release|Any CPU.ActiveCfg = Release|Any CPU
		{390BE705-63F1-CFCA-E27C-935439400180}.Release|Any CPU.Build.0 = Release|Any CPU
	EndGlobalSection
	GlobalSection(SolutionProperties) = preSolution
		HideSolutionNode = FALSE
	EndGlobalSection
EndGlobal
