Microsoft Visual Studio Solution File, Format Version 11.00
# Visual Studio 2008

Project("{7A6DB6BB-AF01-23F5-A15B-5C5C50777E74}") = "VRAnalytics", "Assembly-CSharp.csproj", "{4F961D2F-C454-1A6D-F3AC-15C79B7BCA16}"
EndProject
Project("{7A6DB6BB-AF01-23F5-A15B-5C5C50777E74}") = "VRAnalytics", "Assembly-CSharp-Editor.csproj", "{0C3B9907-2201-AB8A-6694-D528A7726CBD}"
EndProject
Global
	GlobalSection(SolutionConfigurationPlatforms) = preSolution
		Debug|Any CPU = Debug|Any CPU
		Release|Any CPU = Release|Any CPU
	EndGlobalSection
	GlobalSection(ProjectConfigurationPlatforms) = postSolution
		{4F961D2F-C454-1A6D-F3AC-15C79B7BCA16}.Debug|Any CPU.ActiveCfg = Debug|Any CPU
		{4F961D2F-C454-1A6D-F3AC-15C79B7BCA16}.Debug|Any CPU.Build.0 = Debug|Any CPU
		{4F961D2F-C454-1A6D-F3AC-15C79B7BCA16}.Release|Any CPU.ActiveCfg = Release|Any CPU
		{4F961D2F-C454-1A6D-F3AC-15C79B7BCA16}.Release|Any CPU.Build.0 = Release|Any CPU
		{0C3B9907-2201-AB8A-6694-D528A7726CBD}.Debug|Any CPU.ActiveCfg = Debug|Any CPU
		{0C3B9907-2201-AB8A-6694-D528A7726CBD}.Debug|Any CPU.Build.0 = Debug|Any CPU
		{0C3B9907-2201-AB8A-6694-D528A7726CBD}.Release|Any CPU.ActiveCfg = Release|Any CPU
		{0C3B9907-2201-AB8A-6694-D528A7726CBD}.Release|Any CPU.Build.0 = Release|Any CPU
	EndGlobalSection
	GlobalSection(SolutionProperties) = preSolution
		HideSolutionNode = FALSE
	EndGlobalSection
	GlobalSection(MonoDevelopProperties) = preSolution
		StartupItem = Assembly-CSharp.csproj
	EndGlobalSection
EndGlobal
